// !$*UTF8*$!
{
	archiveVersion = 1;
	classes = {
	};
	objectVersion = 48;
	objects = {

/* Begin PBXBuildFile section */
		5E752714980A9EAC71A5BEC8 /* Pods_lyftt.framework in Frameworks */ = {isa = PBXBuildFile; fileRef = E2BB74B0C7F81CC3A92AD602 /* Pods_lyftt.framework */; };
		B4BBAB392035E78D008FBD78 /* AppDelegate.swift in Sources */ = {isa = PBXBuildFile; fileRef = B4BBAB382035E78D008FBD78 /* AppDelegate.swift */; };
		B4BBAB3E2035E78D008FBD78 /* Main.storyboard in Resources */ = {isa = PBXBuildFile; fileRef = B4BBAB3C2035E78D008FBD78 /* Main.storyboard */; };
		B4BBAB402035E78D008FBD78 /* Assets.xcassets in Resources */ = {isa = PBXBuildFile; fileRef = B4BBAB3F2035E78D008FBD78 /* Assets.xcassets */; };
		B4BBAB432035E78D008FBD78 /* LaunchScreen.storyboard in Resources */ = {isa = PBXBuildFile; fileRef = B4BBAB412035E78D008FBD78 /* LaunchScreen.storyboard */; };
		B4BBAB512035E8D2008FBD78 /* LoginVC.swift in Sources */ = {isa = PBXBuildFile; fileRef = B4BBAB502035E8D2008FBD78 /* LoginVC.swift */; };
		B4BBAB532035E8E6008FBD78 /* signUpVC.swift in Sources */ = {isa = PBXBuildFile; fileRef = B4BBAB522035E8E6008FBD78 /* signUpVC.swift */; };
		B4BBAB552035F49B008FBD78 /* DataService.swift in Sources */ = {isa = PBXBuildFile; fileRef = B4BBAB542035F49B008FBD78 /* DataService.swift */; };
		B4BBAB5B2036096A008FBD78 /* GoogleService-Info.plist in Resources */ = {isa = PBXBuildFile; fileRef = B4BBAB5A20360969008FBD78 /* GoogleService-Info.plist */; };
		B4BBAB5D203620EA008FBD78 /* HomeVc.swift in Sources */ = {isa = PBXBuildFile; fileRef = B4BBAB5C203620EA008FBD78 /* HomeVc.swift */; };
		B4CEA2D6203666E8008A9867 /* roundedShadow.swift in Sources */ = {isa = PBXBuildFile; fileRef = B4CEA2D5203666E8008A9867 /* roundedShadow.swift */; };
		B4CEA2D820366A06008A9867 /* LocationCell.swift in Sources */ = {isa = PBXBuildFile; fileRef = B4CEA2D720366A06008A9867 /* LocationCell.swift */; };
/* End PBXBuildFile section */

/* Begin PBXFileReference section */
		85D19DE52F02B925D08AA243 /* Pods-lyftt.debug.xcconfig */ = {isa = PBXFileReference; includeInIndex = 1; lastKnownFileType = text.xcconfig; name = "Pods-lyftt.debug.xcconfig"; path = "Pods/Target Support Files/Pods-lyftt/Pods-lyftt.debug.xcconfig"; sourceTree = "<group>"; };
		B4BBAB352035E78D008FBD78 /* lyftt.app */ = {isa = PBXFileReference; explicitFileType = wrapper.application; includeInIndex = 0; path = lyftt.app; sourceTree = BUILT_PRODUCTS_DIR; };
		B4BBAB382035E78D008FBD78 /* AppDelegate.swift */ = {isa = PBXFileReference; lastKnownFileType = sourcecode.swift; path = AppDelegate.swift; sourceTree = "<group>"; };
		B4BBAB3D2035E78D008FBD78 /* Base */ = {isa = PBXFileReference; lastKnownFileType = file.storyboard; name = Base; path = Base.lproj/Main.storyboard; sourceTree = "<group>"; };
		B4BBAB3F2035E78D008FBD78 /* Assets.xcassets */ = {isa = PBXFileReference; lastKnownFileType = folder.assetcatalog; path = Assets.xcassets; sourceTree = "<group>"; };
		B4BBAB422035E78D008FBD78 /* Base */ = {isa = PBXFileReference; lastKnownFileType = file.storyboard; name = Base; path = Base.lproj/LaunchScreen.storyboard; sourceTree = "<group>"; };
		B4BBAB442035E78D008FBD78 /* Info.plist */ = {isa = PBXFileReference; lastKnownFileType = text.plist.xml; path = Info.plist; sourceTree = "<group>"; };
		B4BBAB502035E8D2008FBD78 /* LoginVC.swift */ = {isa = PBXFileReference; lastKnownFileType = sourcecode.swift; path = LoginVC.swift; sourceTree = "<group>"; };
		B4BBAB522035E8E6008FBD78 /* signUpVC.swift */ = {isa = PBXFileReference; lastKnownFileType = sourcecode.swift; path = signUpVC.swift; sourceTree = "<group>"; };
		B4BBAB542035F49B008FBD78 /* DataService.swift */ = {isa = PBXFileReference; lastKnownFileType = sourcecode.swift; path = DataService.swift; sourceTree = "<group>"; };
		B4BBAB5A20360969008FBD78 /* GoogleService-Info.plist */ = {isa = PBXFileReference; fileEncoding = 4; lastKnownFileType = text.plist.xml; path = "GoogleService-Info.plist"; sourceTree = "<group>"; };
		B4BBAB5C203620EA008FBD78 /* HomeVc.swift */ = {isa = PBXFileReference; lastKnownFileType = sourcecode.swift; path = HomeVc.swift; sourceTree = "<group>"; };
		B4CEA2D5203666E8008A9867 /* roundedShadow.swift */ = {isa = PBXFileReference; lastKnownFileType = sourcecode.swift; path = roundedShadow.swift; sourceTree = "<group>"; };
		B4CEA2D720366A06008A9867 /* LocationCell.swift */ = {isa = PBXFileReference; lastKnownFileType = sourcecode.swift; path = LocationCell.swift; sourceTree = "<group>"; };
		C2445C087478560811DF4FC5 /* Pods-lyftt.release.xcconfig */ = {isa = PBXFileReference; includeInIndex = 1; lastKnownFileType = text.xcconfig; name = "Pods-lyftt.release.xcconfig"; path = "Pods/Target Support Files/Pods-lyftt/Pods-lyftt.release.xcconfig"; sourceTree = "<group>"; };
		E2BB74B0C7F81CC3A92AD602 /* Pods_lyftt.framework */ = {isa = PBXFileReference; explicitFileType = wrapper.framework; includeInIndex = 0; path = Pods_lyftt.framework; sourceTree = BUILT_PRODUCTS_DIR; };
/* End PBXFileReference section */

/* Begin PBXFrameworksBuildPhase section */
		B4BBAB322035E78D008FBD78 /* Frameworks */ = {
			isa = PBXFrameworksBuildPhase;
			buildActionMask = 2147483647;
			files = (
				5E752714980A9EAC71A5BEC8 /* Pods_lyftt.framework in Frameworks */,
			);
			runOnlyForDeploymentPostprocessing = 0;
		};
/* End PBXFrameworksBuildPhase section */

/* Begin PBXGroup section */
		771C085CBE06B892FED05CFC /* Pods */ = {
			isa = PBXGroup;
			children = (
				85D19DE52F02B925D08AA243 /* Pods-lyftt.debug.xcconfig */,
				C2445C087478560811DF4FC5 /* Pods-lyftt.release.xcconfig */,
			);
			name = Pods;
			sourceTree = "<group>";
		};
		B4BBAB2C2035E78D008FBD78 = {
			isa = PBXGroup;
			children = (
				B4BBAB372035E78D008FBD78 /* lyftt */,
				B4BBAB362035E78D008FBD78 /* Products */,
				771C085CBE06B892FED05CFC /* Pods */,
				CBE2A88C42E1202817C62DF4 /* Frameworks */,
			);
			sourceTree = "<group>";
		};
		B4BBAB362035E78D008FBD78 /* Products */ = {
			isa = PBXGroup;
			children = (
				B4BBAB352035E78D008FBD78 /* lyftt.app */,
			);
			name = Products;
			sourceTree = "<group>";
		};
		B4BBAB372035E78D008FBD78 /* lyftt */ = {
			isa = PBXGroup;
			children = (
				B4BBAB4F2035E7CE008FBD78 /* Services */,
				B4BBAB4E2035E7C5008FBD78 /* Utilities */,
				B4BBAB4D2035E7BD008FBD78 /* Resources */,
				B4BBAB4C2035E7B6008FBD78 /* Model */,
				B4BBAB4B2035E7B1008FBD78 /* View */,
				B4BBAB4A2035E7A7008FBD78 /* Controller */,
				B4BBAB382035E78D008FBD78 /* AppDelegate.swift */,
				B4BBAB3C2035E78D008FBD78 /* Main.storyboard */,
				B4BBAB3F2035E78D008FBD78 /* Assets.xcassets */,
				B4BBAB412035E78D008FBD78 /* LaunchScreen.storyboard */,
				B4BBAB5A20360969008FBD78 /* GoogleService-Info.plist */,
				B4BBAB442035E78D008FBD78 /* Info.plist */,
			);
			path = lyftt;
			sourceTree = "<group>";
		};
		B4BBAB4A2035E7A7008FBD78 /* Controller */ = {
			isa = PBXGroup;
			children = (
				B4BBAB502035E8D2008FBD78 /* LoginVC.swift */,
				B4BBAB522035E8E6008FBD78 /* signUpVC.swift */,
				B4BBAB5C203620EA008FBD78 /* HomeVc.swift */,
			);
			path = Controller;
			sourceTree = "<group>";
		};
		B4BBAB4B2035E7B1008FBD78 /* View */ = {
			isa = PBXGroup;
			children = (
				B4CEA2D5203666E8008A9867 /* roundedShadow.swift */,
				B4CEA2D720366A06008A9867 /* LocationCell.swift */,
			);
			path = View;
			sourceTree = "<group>";
		};
		B4BBAB4C2035E7B6008FBD78 /* Model */ = {
			isa = PBXGroup;
			children = (
			);
			path = Model;
			sourceTree = "<group>";
		};
		B4BBAB4D2035E7BD008FBD78 /* Resources */ = {
			isa = PBXGroup;
			children = (
			);
			path = Resources;
			sourceTree = "<group>";
		};
		B4BBAB4E2035E7C5008FBD78 /* Utilities */ = {
			isa = PBXGroup;
			children = (
			);
			path = Utilities;
			sourceTree = "<group>";
		};
		B4BBAB4F2035E7CE008FBD78 /* Services */ = {
			isa = PBXGroup;
			children = (
				B4BBAB542035F49B008FBD78 /* DataService.swift */,
			);
			path = Services;
			sourceTree = "<group>";
		};
		CBE2A88C42E1202817C62DF4 /* Frameworks */ = {
			isa = PBXGroup;
			children = (
				E2BB74B0C7F81CC3A92AD602 /* Pods_lyftt.framework */,
			);
			name = Frameworks;
			sourceTree = "<group>";
		};
/* End PBXGroup section */

/* Begin PBXNativeTarget section */
		B4BBAB342035E78D008FBD78 /* lyftt */ = {
			isa = PBXNativeTarget;
			buildConfigurationList = B4BBAB472035E78D008FBD78 /* Build configuration list for PBXNativeTarget "lyftt" */;
			buildPhases = (
				34C78AF04363150F692FB62A /* [CP] Check Pods Manifest.lock */,
				B4BBAB312035E78D008FBD78 /* Sources */,
				B4BBAB322035E78D008FBD78 /* Frameworks */,
				B4BBAB332035E78D008FBD78 /* Resources */,
				294A6F00E7D627650293BD20 /* [CP] Embed Pods Frameworks */,
				31223FA98D9980DC63E5CC78 /* [CP] Copy Pods Resources */,
			);
			buildRules = (
			);
			dependencies = (
			);
			name = lyftt;
			productName = lyftt;
			productReference = B4BBAB352035E78D008FBD78 /* lyftt.app */;
			productType = "com.apple.product-type.application";
		};
/* End PBXNativeTarget section */

/* Begin PBXProject section */
		B4BBAB2D2035E78D008FBD78 /* Project object */ = {
			isa = PBXProject;
			attributes = {
				LastSwiftUpdateCheck = 0910;
				LastUpgradeCheck = 0910;
				ORGANIZATIONNAME = TKM;
				TargetAttributes = {
					B4BBAB342035E78D008FBD78 = {
						CreatedOnToolsVersion = 9.1;
						ProvisioningStyle = Automatic;
					};
				};
			};
			buildConfigurationList = B4BBAB302035E78D008FBD78 /* Build configuration list for PBXProject "lyftt" */;
			compatibilityVersion = "Xcode 8.0";
			developmentRegion = en;
			hasScannedForEncodings = 0;
			knownRegions = (
				en,
				Base,
			);
			mainGroup = B4BBAB2C2035E78D008FBD78;
			productRefGroup = B4BBAB362035E78D008FBD78 /* Products */;
			projectDirPath = "";
			projectRoot = "";
			targets = (
				B4BBAB342035E78D008FBD78 /* lyftt */,
			);
		};
/* End PBXProject section */

/* Begin PBXResourcesBuildPhase section */
		B4BBAB332035E78D008FBD78 /* Resources */ = {
			isa = PBXResourcesBuildPhase;
			buildActionMask = 2147483647;
			files = (
				B4BBAB432035E78D008FBD78 /* LaunchScreen.storyboard in Resources */,
				B4BBAB5B2036096A008FBD78 /* GoogleService-Info.plist in Resources */,
				B4BBAB402035E78D008FBD78 /* Assets.xcassets in Resources */,
				B4BBAB3E2035E78D008FBD78 /* Main.storyboard in Resources */,
			);
			runOnlyForDeploymentPostprocessing = 0;
		};
/* End PBXResourcesBuildPhase section */

/* Begin PBXShellScriptBuildPhase section */
		294A6F00E7D627650293BD20 /* [CP] Embed Pods Frameworks */ = {
			isa = PBXShellScriptBuildPhase;
			buildActionMask = 2147483647;
			files = (
			);
			inputPaths = (
				"${SRCROOT}/Pods/Target Support Files/Pods-lyftt/Pods-lyftt-frameworks.sh",
				"${BUILT_PRODUCTS_DIR}/GTMSessionFetcher/GTMSessionFetcher.framework",
				"${BUILT_PRODUCTS_DIR}/GoogleToolboxForMac/GoogleToolboxForMac.framework",
				"${BUILT_PRODUCTS_DIR}/leveldb-library/leveldb.framework",
				"${BUILT_PRODUCTS_DIR}/nanopb/nanopb.framework",
			);
			name = "[CP] Embed Pods Frameworks";
			outputPaths = (
				"${TARGET_BUILD_DIR}/${FRAMEWORKS_FOLDER_PATH}/GTMSessionFetcher.framework",
				"${TARGET_BUILD_DIR}/${FRAMEWORKS_FOLDER_PATH}/GoogleToolboxForMac.framework",
				"${TARGET_BUILD_DIR}/${FRAMEWORKS_FOLDER_PATH}/leveldb.framework",
				"${TARGET_BUILD_DIR}/${FRAMEWORKS_FOLDER_PATH}/nanopb.framework",
			);
			runOnlyForDeploymentPostprocessing = 0;
			shellPath = /bin/sh;
			shellScript = "\"${SRCROOT}/Pods/Target Support Files/Pods-lyftt/Pods-lyftt-frameworks.sh\"\n";
			showEnvVarsInLog = 0;
		};
		31223FA98D9980DC63E5CC78 /* [CP] Copy Pods Resources */ = {
			isa = PBXShellScriptBuildPhase;
			buildActionMask = 2147483647;
			files = (
			);
			inputPaths = (
			);
			name = "[CP] Copy Pods Resources";
			outputPaths = (
			);
			runOnlyForDeploymentPostprocessing = 0;
			shellPath = /bin/sh;
			shellScript = "\"${SRCROOT}/Pods/Target Support Files/Pods-lyftt/Pods-lyftt-resources.sh\"\n";
			showEnvVarsInLog = 0;
		};
		34C78AF04363150F692FB62A /* [CP] Check Pods Manifest.lock */ = {
			isa = PBXShellScriptBuildPhase;
			buildActionMask = 2147483647;
			files = (
			);
			inputPaths = (
				"${PODS_PODFILE_DIR_PATH}/Podfile.lock",
				"${PODS_ROOT}/Manifest.lock",
			);
			name = "[CP] Check Pods Manifest.lock";
			outputPaths = (
				"$(DERIVED_FILE_DIR)/Pods-lyftt-checkManifestLockResult.txt",
			);
			runOnlyForDeploymentPostprocessing = 0;
			shellPath = /bin/sh;
			shellScript = "diff \"${PODS_PODFILE_DIR_PATH}/Podfile.lock\" \"${PODS_ROOT}/Manifest.lock\" > /dev/null\nif [ $? != 0 ] ; then\n    # print error to STDERR\n    echo \"error: The sandbox is not in sync with the Podfile.lock. Run 'pod install' or update your CocoaPods installation.\" >&2\n    exit 1\nfi\n# This output is used by Xcode 'outputs' to avoid re-running this script phase.\necho \"SUCCESS\" > \"${SCRIPT_OUTPUT_FILE_0}\"\n";
			showEnvVarsInLog = 0;
		};
/* End PBXShellScriptBuildPhase section */

/* Begin PBXSourcesBuildPhase section */
		B4BBAB312035E78D008FBD78 /* Sources */ = {
			isa = PBXSourcesBuildPhase;
			buildActionMask = 2147483647;
			files = (
				B4BBAB532035E8E6008FBD78 /* signUpVC.swift in Sources */,
				B4CEA2D6203666E8008A9867 /* roundedShadow.swift in Sources */,
				B4BBAB5D203620EA008FBD78 /* HomeVc.swift in Sources */,
				B4BBAB512035E8D2008FBD78 /* LoginVC.swift in Sources */,
				B4CEA2D820366A06008A9867 /* LocationCell.swift in Sources */,
				B4BBAB392035E78D008FBD78 /* AppDelegate.swift in Sources */,
				B4BBAB552035F49B008FBD78 /* DataService.swift in Sources */,
			);
			runOnlyForDeploymentPostprocessing = 0;
		};
/* End PBXSourcesBuildPhase section */

/* Begin PBXVariantGroup section */
		B4BBAB3C2035E78D008FBD78 /* Main.storyboard */ = {
			isa = PBXVariantGroup;
			children = (
				B4BBAB3D2035E78D008FBD78 /* Base */,
			);
			name = Main.storyboard;
			sourceTree = "<group>";
		};
		B4BBAB412035E78D008FBD78 /* LaunchScreen.storyboard */ = {
			isa = PBXVariantGroup;
			children = (
				B4BBAB422035E78D008FBD78 /* Base */,
			);
			name = LaunchScreen.storyboard;
			sourceTree = "<group>";
		};
/* End PBXVariantGroup section */

/* Begin XCBuildConfiguration section */
		B4BBAB452035E78D008FBD78 /* Debug */ = {
			isa = XCBuildConfiguration;
			buildSettings = {
				ALWAYS_SEARCH_USER_PATHS = NO;
				CLANG_ANALYZER_NONNULL = YES;
				CLANG_ANALYZER_NUMBER_OBJECT_CONVERSION = YES_AGGRESSIVE;
				CLANG_CXX_LANGUAGE_STANDARD = "gnu++14";
				CLANG_CXX_LIBRARY = "libc++";
				CLANG_ENABLE_MODULES = YES;
				CLANG_ENABLE_OBJC_ARC = YES;
				CLANG_WARN_BLOCK_CAPTURE_AUTORELEASING = YES;
				CLANG_WARN_BOOL_CONVERSION = YES;
				CLANG_WARN_COMMA = YES;
				CLANG_WARN_CONSTANT_CONVERSION = YES;
				CLANG_WARN_DIRECT_OBJC_ISA_USAGE = YES_ERROR;
				CLANG_WARN_DOCUMENTATION_COMMENTS = YES;
				CLANG_WARN_EMPTY_BODY = YES;
				CLANG_WARN_ENUM_CONVERSION = YES;
				CLANG_WARN_INFINITE_RECURSION = YES;
				CLANG_WARN_INT_CONVERSION = YES;
				CLANG_WARN_NON_LITERAL_NULL_CONVERSION = YES;
				CLANG_WARN_OBJC_LITERAL_CONVERSION = YES;
				CLANG_WARN_OBJC_ROOT_CLASS = YES_ERROR;
				CLANG_WARN_RANGE_LOOP_ANALYSIS = YES;
				CLANG_WARN_STRICT_PROTOTYPES = YES;
				CLANG_WARN_SUSPICIOUS_MOVE = YES;
				CLANG_WARN_UNGUARDED_AVAILABILITY = YES_AGGRESSIVE;
				CLANG_WARN_UNREACHABLE_CODE = YES;
				CLANG_WARN__DUPLICATE_METHOD_MATCH = YES;
				CODE_SIGN_IDENTITY = "iPhone Developer";
				COPY_PHASE_STRIP = NO;
				DEBUG_INFORMATION_FORMAT = dwarf;
				ENABLE_STRICT_OBJC_MSGSEND = YES;
				ENABLE_TESTABILITY = YES;
				GCC_C_LANGUAGE_STANDARD = gnu11;
				GCC_DYNAMIC_NO_PIC = NO;
				GCC_NO_COMMON_BLOCKS = YES;
				GCC_OPTIMIZATION_LEVEL = 0;
				GCC_PREPROCESSOR_DEFINITIONS = (
					"DEBUG=1",
					"$(inherited)",
				);
				GCC_WARN_64_TO_32_BIT_CONVERSION = YES;
				GCC_WARN_ABOUT_RETURN_TYPE = YES_ERROR;
				GCC_WARN_UNDECLARED_SELECTOR = YES;
				GCC_WARN_UNINITIALIZED_AUTOS = YES_AGGRESSIVE;
				GCC_WARN_UNUSED_FUNCTION = YES;
				GCC_WARN_UNUSED_VARIABLE = YES;
				IPHONEOS_DEPLOYMENT_TARGET = 11.1;
				MTL_ENABLE_DEBUG_INFO = YES;
				ONLY_ACTIVE_ARCH = YES;
				SDKROOT = iphoneos;
				SWIFT_ACTIVE_COMPILATION_CONDITIONS = DEBUG;
				SWIFT_OPTIMIZATION_LEVEL = "-Onone";
			};
			name = Debug;
		};
		B4BBAB462035E78D008FBD78 /* Release */ = {
			isa = XCBuildConfiguration;
			buildSettings = {
				ALWAYS_SEARCH_USER_PATHS = NO;
				CLANG_ANALYZER_NONNULL = YES;
				CLANG_ANALYZER_NUMBER_OBJECT_CONVERSION = YES_AGGRESSIVE;
				CLANG_CXX_LANGUAGE_STANDARD = "gnu++14";
				CLANG_CXX_LIBRARY = "libc++";
				CLANG_ENABLE_MODULES = YES;
				CLANG_ENABLE_OBJC_ARC = YES;
				CLANG_WARN_BLOCK_CAPTURE_AUTORELEASING = YES;
				CLANG_WARN_BOOL_CONVERSION = YES;
				CLANG_WARN_COMMA = YES;
				CLANG_WARN_CONSTANT_CONVERSION = YES;
				CLANG_WARN_DIRECT_OBJC_ISA_USAGE = YES_ERROR;
				CLANG_WARN_DOCUMENTATION_COMMENTS = YES;
				CLANG_WARN_EMPTY_BODY = YES;
				CLANG_WARN_ENUM_CONVERSION = YES;
				CLANG_WARN_INFINITE_RECURSION = YES;
				CLANG_WARN_INT_CONVERSION = YES;
				CLANG_WARN_NON_LITERAL_NULL_CONVERSION = YES;
				CLANG_WARN_OBJC_LITERAL_CONVERSION = YES;
				CLANG_WARN_OBJC_ROOT_CLASS = YES_ERROR;
				CLANG_WARN_RANGE_LOOP_ANALYSIS = YES;
				CLANG_WARN_STRICT_PROTOTYPES = YES;
				CLANG_WARN_SUSPICIOUS_MOVE = YES;
				CLANG_WARN_UNGUARDED_AVAILABILITY = YES_AGGRESSIVE;
				CLANG_WARN_UNREACHABLE_CODE = YES;
				CLANG_WARN__DUPLICATE_METHOD_MATCH = YES;
				CODE_SIGN_IDENTITY = "iPhone Developer";
				COPY_PHASE_STRIP = NO;
				DEBUG_INFORMATION_FORMAT = "dwarf-with-dsym";
				ENABLE_NS_ASSERTIONS = NO;
				ENABLE_STRICT_OBJC_MSGSEND = YES;
				GCC_C_LANGUAGE_STANDARD = gnu11;
				GCC_NO_COMMON_BLOCKS = YES;
				GCC_WARN_64_TO_32_BIT_CONVERSION = YES;
				GCC_WARN_ABOUT_RETURN_TYPE = YES_ERROR;
				GCC_WARN_UNDECLARED_SELECTOR = YES;
				GCC_WARN_UNINITIALIZED_AUTOS = YES_AGGRESSIVE;
				GCC_WARN_UNUSED_FUNCTION = YES;
				GCC_WARN_UNUSED_VARIABLE = YES;
				IPHONEOS_DEPLOYMENT_TARGET = 11.1;
				MTL_ENABLE_DEBUG_INFO = NO;
				SDKROOT = iphoneos;
				SWIFT_OPTIMIZATION_LEVEL = "-Owholemodule";
				VALIDATE_PRODUCT = YES;
			};
			name = Release;
		};
		B4BBAB482035E78D008FBD78 /* Debug */ = {
			isa = XCBuildConfiguration;
			baseConfigurationReference = 85D19DE52F02B925D08AA243 /* Pods-lyftt.debug.xcconfig */;
			buildSettings = {
				ASSETCATALOG_COMPILER_APPICON_NAME = AppIcon;
				CODE_SIGN_STYLE = Automatic;
				DEVELOPMENT_TEAM = 92BBSY6F64;
				INFOPLIST_FILE = lyftt/Info.plist;
				IPHONEOS_DEPLOYMENT_TARGET = 11.0;
				LD_RUNPATH_SEARCH_PATHS = "$(inherited) @executable_path/Frameworks";
				PRODUCT_BUNDLE_IDENTIFIER = com.TheknightMarket.lyftt;
				PRODUCT_NAME = "$(TARGET_NAME)";
				SWIFT_VERSION = 4.0;
				TARGETED_DEVICE_FAMILY = "1,2";
			};
			name = Debug;
		};
		B4BBAB492035E78D008FBD78 /* Release */ = {
			isa = XCBuildConfiguration;
			baseConfigurationReference = C2445C087478560811DF4FC5 /* Pods-lyftt.release.xcconfig */;
			buildSettings = {
				ASSETCATALOG_COMPILER_APPICON_NAME = AppIcon;
				CODE_SIGN_STYLE = Automatic;
				DEVELOPMENT_TEAM = 92BBSY6F64;
				INFOPLIST_FILE = lyftt/Info.plist;
				IPHONEOS_DEPLOYMENT_TARGET = 11.0;
				LD_RUNPATH_SEARCH_PATHS = "$(inherited) @executable_path/Frameworks";
				PRODUCT_BUNDLE_IDENTIFIER = com.TheknightMarket.lyftt;
				PRODUCT_NAME = "$(TARGET_NAME)";
				SWIFT_VERSION = 4.0;
				TARGETED_DEVICE_FAMILY = "1,2";
			};
			name = Release;
		};
/* End XCBuildConfiguration section */

/* Begin XCConfigurationList section */
		B4BBAB302035E78D008FBD78 /* Build configuration list for PBXProject "lyftt" */ = {
			isa = XCConfigurationList;
			buildConfigurations = (
				B4BBAB452035E78D008FBD78 /* Debug */,
				B4BBAB462035E78D008FBD78 /* Release */,
			);
			defaultConfigurationIsVisible = 0;
			defaultConfigurationName = Release;
		};
		B4BBAB472035E78D008FBD78 /* Build configuration list for PBXNativeTarget "lyftt" */ = {
			isa = XCConfigurationList;
			buildConfigurations = (
				B4BBAB482035E78D008FBD78 /* Debug */,
				B4BBAB492035E78D008FBD78 /* Release */,
			);
			defaultConfigurationIsVisible = 0;
			defaultConfigurationName = Release;
		};
/* End XCConfigurationList section */
	};
	rootObject = B4BBAB2D2035E78D008FBD78 /* Project object */;
}
